
Microsoft Visual Studio Solution File, Format Version 12.00
# Visual Studio Version 17
VisualStudioVersion = 17.2.32602.215
MinimumVisualStudioVersion = 10.0.40219.1
Project("{FAE04EC0-301F-11D3-BF4B-00C04F79EFBC}") = "fruity", "fruity.csproj", "{F50C8AA2-E2AA-4778-BC00-9694858DC109}"
EndProject
Global
	GlobalSection(SolutionConfigurationPlatforms) = preSolution
		Debug|Any CPU = Debug|Any CPU
		Release|Any CPU = Release|Any CPU
	EndGlobalSection
	GlobalSection(ProjectConfigurationPlatforms) = postSolution
		{F50C8AA2-E2AA-4778-BC00-9694858DC109}.Debug|Any CPU.ActiveCfg = Debug|Any CPU
		{F50C8AA2-E2AA-4778-BC00-9694858DC109}.Debug|Any CPU.Build.0 = Debug|Any CPU
		{F50C8AA2-E2AA-4778-BC00-9694858DC109}.Release|Any CPU.ActiveCfg = Release|Any CPU
		{F50C8AA2-E2AA-4778-BC00-9694858DC109}.Release|Any CPU.Build.0 = Release|Any CPU
	EndGlobalSection
	GlobalSection(SolutionProperties) = preSolution
		HideSolutionNode = FALSE
	EndGlobalSection
	GlobalSection(ExtensibilityGlobals) = postSolution
		SolutionGuid = {8DAA320D-6954-4540-B69E-6693E11C668D}
	EndGlobalSection
EndGlobal
